<?xml version="1.0" encoding="utf-8"?>
<Project ToolsVersion="4.0" xmlns="http://schemas.microsoft.com/developer/msbuild/2003">
  <ItemGroup>
    <ClCompile Include="main.cpp" />
    <ClCompile Include="Brain.cpp">
      <Filter>Brain</Filter>
    </ClCompile>
    <ClCompile Include="interface.cpp">
      <Filter>Interface</Filter>
    </ClCompile>
    <ClCompile Include="RAG_Memory.cpp">
      <Filter>Brain\RAG Memory</Filter>
    </ClCompile>
    <ClCompile Include="Math.cpp">
      <Filter>Math</Filter>
    </ClCompile>
    <ClCompile Include="load_to_rag.cpp" />
  </ItemGroup>
  <ItemGroup>
    <Filter Include="Brain">
      <UniqueIdentifier>{4c5460ed-73a4-4277-bb5f-e2b890b8f4d9}</UniqueIdentifier>
    </Filter>
    <Filter Include="JSON">
      <UniqueIdentifier>{15c2e667-0972-4967-8252-98e093b88024}</UniqueIdentifier>
    </Filter>
    <Filter Include="Interface">
      <UniqueIdentifier>{c65a8afb-b61d-4f32-8666-57954e670b91}</UniqueIdentifier>
    </Filter>
    <Filter Include="Brain\RAG Memory">
      <UniqueIdentifier>{e4bb2c32-046a-4f65-9105-aae3fb7494cb}</UniqueIdentifier>
    </Filter>
    <Filter Include="Math">
      <UniqueIdentifier>{9201ac0d-769f-4029-a176-e165144d9d06}</UniqueIdentifier>
    </Filter>
  </ItemGroup>
  <ItemGroup>
    <ClInclude Include="Brain.h">
      <Filter>Brain</Filter>
    </ClInclude>
    <ClInclude Include="json.hpp">
      <Filter>JSON</Filter>
    </ClInclude>
    <ClInclude Include="interface.h">
      <Filter>Interface</Filter>
    </ClInclude>
    <ClInclude Include="RAG_Memory.h">
      <Filter>Brain\RAG Memory</Filter>
    </ClInclude>
    <ClInclude Include="Math.h">
      <Filter>Math</Filter>
    </ClInclude>
    <ClInclude Include="load_to_rag.h" />
  </ItemGroup>
  <ItemGroup>
    <CudaCompile Include="CUDA_Math.cu" />
  </ItemGroup>
  <ItemGroup>
    <None Include="grammar.gbnf" />
  </ItemGroup>
</Project>