<?xml version="1.0" encoding="utf-8"?>
<Project ToolsVersion="4.0" xmlns="http://schemas.microsoft.com/developer/msbuild/2003">
  <ItemGroup>
    <ClCompile Include="main.cpp" />
    <ClCompile Include="Brain.cpp">
      <Filter>Brain</Filter>
    </ClCompile>
    <ClCompile Include="interface.cpp">
      <Filter>Interface</Filter>
    </ClCompile>
  </ItemGroup>
  <ItemGroup>
    <Filter Include="Brain">
      <UniqueIdentifier>{4c5460ed-73a4-4277-bb5f-e2b890b8f4d9}</UniqueIdentifier>
    </Filter>
    <Filter Include="JSON">
      <UniqueIdentifier>{15c2e667-0972-4967-8252-98e093b88024}</UniqueIdentifier>
    </Filter>
    <Filter Include="Interface">
      <UniqueIdentifier>{c65a8afb-b61d-4f32-8666-57954e670b91}</UniqueIdentifier>
    </Filter>
  </ItemGroup>
  <ItemGroup>
    <ClInclude Include="Brain.h">
      <Filter>Brain</Filter>
    </ClInclude>
    <ClInclude Include="json.hpp">
      <Filter>JSON</Filter>
    </ClInclude>
    <ClInclude Include="interface.h">
      <Filter>Interface</Filter>
    </ClInclude>
  </ItemGroup>
</Project>